
Microsoft Visual Studio Solution File, Format Version 12.00
# Visual Studio Version 16
VisualStudioVersion = 16.0.29920.165
MinimumVisualStudioVersion = 10.0.40219.1
Project("{FAE04EC0-301F-11D3-BF4B-00C04F79EFBC}") = "lab_one", "lab_one\lab_one.csproj", "{F10FB4D9-F1B4-42A3-B444-E2A6ED9EDD26}"
EndProject
Global
	GlobalSection(SolutionConfigurationPlatforms) = preSolution
		Debug|Any CPU = Debug|Any CPU
		Release|Any CPU = Release|Any CPU
	EndGlobalSection
	GlobalSection(ProjectConfigurationPlatforms) = postSolution
		{F10FB4D9-F1B4-42A3-B444-E2A6ED9EDD26}.Debug|Any CPU.ActiveCfg = Debug|Any CPU
		{F10FB4D9-F1B4-42A3-B444-E2A6ED9EDD26}.Debug|Any CPU.Build.0 = Debug|Any CPU
		{F10FB4D9-F1B4-42A3-B444-E2A6ED9EDD26}.Release|Any CPU.ActiveCfg = Release|Any CPU
		{F10FB4D9-F1B4-42A3-B444-E2A6ED9EDD26}.Release|Any CPU.Build.0 = Release|Any CPU
	EndGlobalSection
	GlobalSection(SolutionProperties) = preSolution
		HideSolutionNode = FALSE
	EndGlobalSection
	GlobalSection(ExtensibilityGlobals) = postSolution
		SolutionGuid = {735EADF5-CD66-4BE6-AB36-A95F93B6F9E2}
	EndGlobalSection
EndGlobal
